
Microsoft Visual Studio Solution File, Format Version 12.00
# Visual Studio 2013
VisualStudioVersion = 12.0.21005.1
MinimumVisualStudioVersion = 10.0.40219.1
Project("{FAE04EC0-301F-11D3-BF4B-00C04F79EFBC}") = "HeuristicLab.DayView-1.0", "HeuristicLab.ExtLibs\HeuristicLab.DayView\1.0\HeuristicLab.DayView-1.0.csproj", "{02766ECC-D0F5-4115-9ECA-47409167B638}"
EndProject
Project("{FAE04EC0-301F-11D3-BF4B-00C04F79EFBC}") = "HeuristicLab.Netron-3.0.2672.12446", "HeuristicLab.ExtLibs\HeuristicLab.Netron\3.0.2672.12446\HeuristicLab.Netron-3.0.2672.12446\HeuristicLab.Netron-3.0.2672.12446.csproj", "{BB994448-2B21-4564-BB2E-38D8FFF8CF18}"
EndProject
Project("{FAE04EC0-301F-11D3-BF4B-00C04F79EFBC}") = "Netron.Diagramming.Core-3.0.2672.12446", "HeuristicLab.ExtLibs\HeuristicLab.Netron\3.0.2672.12446\Netron.Diagramming.Core-3.0.2672.12446\Netron.Diagramming.Core-3.0.2672.12446.csproj", "{96AEBBEE-4203-45F3-BCF5-7B73BF256BDA}"
EndProject
Project("{FAE04EC0-301F-11D3-BF4B-00C04F79EFBC}") = "HeuristicLab.PluginInfrastructure-3.3", "HeuristicLab.PluginInfrastructure\3.3\HeuristicLab.PluginInfrastructure-3.3.csproj", "{94186A6A-5176-4402-AE83-886557B53CCA}"
EndProject
Project("{2150E333-8FDC-42A3-9474-1A3956D46DE8}") = "Solution Items", "Solution Items", "{E7640329-47FE-480E-AE79-13C5D760123F}"
	ProjectSection(SolutionItems) = preProject
		PreBuildEvent.cmd = PreBuildEvent.cmd
	EndProjectSection
EndProject
Project("{FAE04EC0-301F-11D3-BF4B-00C04F79EFBC}") = "HeuristicLab.MathJax-1.1", "HeuristicLab.ExtLibs\HeuristicLab.MathJax\1.1\HeuristicLab.MathJax-1.1\HeuristicLab.MathJax-1.1.csproj", "{BF4C452F-4903-44E6-89B7-DF93D02C4819}"
EndProject
Project("{FAE04EC0-301F-11D3-BF4B-00C04F79EFBC}") = "ProtocolBuffers-2.4.1.473", "HeuristicLab.ExtLibs\HeuristicLab.ProtobufCS\2.4.1\ProtobufCS\src\ProtocolBuffers\ProtocolBuffers-2.4.1.473.csproj", "{6908BDCE-D925-43F3-94AC-A531E6DF2591}"
EndProject
Project("{FAE04EC0-301F-11D3-BF4B-00C04F79EFBC}") = "ProtoGen-2.4.1.473", "HeuristicLab.ExtLibs\HeuristicLab.ProtobufCS\2.4.1\ProtobufCS\src\ProtoGen\ProtoGen-2.4.1.473.csproj", "{250ADE34-82FD-4BAE-86D5-985FBE589C4A}"
EndProject
Project("{FAE04EC0-301F-11D3-BF4B-00C04F79EFBC}") = "HeuristicLab.ProtobufCS-2.4.1.473", "HeuristicLab.ExtLibs\HeuristicLab.ProtobufCS\2.4.1\HeuristicLab.ProtobufCS\HeuristicLab.ProtobufCS-2.4.1.473.csproj", "{236459CE-80CF-4991-972F-DE74C826BCCC}"
EndProject
Project("{FAE04EC0-301F-11D3-BF4B-00C04F79EFBC}") = "LibSVM-3.12", "HeuristicLab.ExtLibs\HeuristicLab.LibSVM\3.12\LibSVM-3.12\LibSVM-3.12.csproj", "{4C41E3A3-B2FD-46EA-98FB-F21433E58FBE}"
EndProject
Project("{FAE04EC0-301F-11D3-BF4B-00C04F79EFBC}") = "HeuristicLab.LibSVM-3.12", "HeuristicLab.ExtLibs\HeuristicLab.LibSVM\3.12\HeuristicLab.LibSVM-3.12\HeuristicLab.LibSVM-3.12.csproj", "{005C27BE-ED6E-4602-8199-5F9EB7591CEB}"
EndProject
Project("{FAE04EC0-301F-11D3-BF4B-00C04F79EFBC}") = "WinFormsUI-2.7.0", "HeuristicLab.ExtLibs\HeuristicLab.WinFormsUI\2.7.0\WinFormsUI-2.7.0\WinFormsUI-2.7.0.csproj", "{EAF5F178-406C-4844-B1DC-D3AAF3992FDF}"
EndProject
Project("{FAE04EC0-301F-11D3-BF4B-00C04F79EFBC}") = "HeuristicLab.WinFormsUI-2.7.0", "HeuristicLab.ExtLibs\HeuristicLab.WinFormsUI\2.7.0\HeuristicLab.WinFormsUI-2.7.0\HeuristicLab.WinFormsUI-2.7.0.csproj", "{3A32A015-9BF9-4EEB-AE80-C5E2B654B860}"
EndProject
Project("{FAE04EC0-301F-11D3-BF4B-00C04F79EFBC}") = "HeuristicLab.AutoDiff-1.0", "HeuristicLab.ExtLibs\HeuristicLab.AutoDiff\1.0\HeuristicLab.AutoDiff-1.0\HeuristicLab.AutoDiff-1.0.csproj", "{C8BB29AC-C64A-4EF4-9773-9208F9AE0B49}"
EndProject
Project("{FAE04EC0-301F-11D3-BF4B-00C04F79EFBC}") = "AutoDiff-1.0", "HeuristicLab.ExtLibs\HeuristicLab.AutoDiff\1.0\AutoDiff-1.0\AutoDiff-1.0.csproj", "{62551FD3-C21F-4E16-A7FC-6A017508809C}"
EndProject
Project("{FAE04EC0-301F-11D3-BF4B-00C04F79EFBC}") = "ALGLIB-3.7.0", "HeuristicLab.ExtLibs\HeuristicLab.ALGLIB\3.7.0\ALGLIB-3.7.0\ALGLIB-3.7.0.csproj", "{AE723DEF-1A44-4F9C-8670-DBCAB79626A2}"
EndProject
Project("{FAE04EC0-301F-11D3-BF4B-00C04F79EFBC}") = "HeuristicLab.ALGLIB-3.7.0", "HeuristicLab.ExtLibs\HeuristicLab.ALGLIB\3.7.0\HeuristicLab.ALGLIB-3.7.0\HeuristicLab.ALGLIB-3.7.0.csproj", "{6F1D7847-D610-4E52-A184-405DAEFA41A9}"
EndProject
Project("{FAE04EC0-301F-11D3-BF4B-00C04F79EFBC}") = "EPPlus-3.1.3", "HeuristicLab.ExtLibs\HeuristicLab.EPPlus\3.1.3\EPPlus-3.1.3\EPPlus-3.1.3.csproj", "{7B288026-5502-4A39-BF41-77E086F3E4A3}"
EndProject
Project("{FAE04EC0-301F-11D3-BF4B-00C04F79EFBC}") = "HeuristicLab.EPPlus-3.1.3", "HeuristicLab.ExtLibs\HeuristicLab.EPPlus\3.1.3\HeuristicLab.EPPlus-3.1.3\HeuristicLab.EPPlus-3.1.3.csproj", "{B8B9E73B-18DE-4781-8F31-D3472BA9DB66}"
EndProject
Project("{FAE04EC0-301F-11D3-BF4B-00C04F79EFBC}") = "DotNetScilab-1.0", "HeuristicLab.ExtLibs\HeuristicLab.DotNetScilab\1.0\DotNetScilab-1.0\DotNetScilab-1.0.csproj", "{C3F0C7DC-82AD-405B-990A-BF2C5B7F46FF}"
EndProject
Project("{FAE04EC0-301F-11D3-BF4B-00C04F79EFBC}") = "HeuristicLab.DotNetScilab-1.0", "HeuristicLab.ExtLibs\HeuristicLab.DotNetScilab\1.0\HeuristicLab.DotNetScilab-1.0\HeuristicLab.DotNetScilab-1.0.csproj", "{F2F242B0-9996-4B49-828D-2BFC5925FDE0}"
EndProject
Project("{FAE04EC0-301F-11D3-BF4B-00C04F79EFBC}") = "HeuristicLab.MatlabConnector-1.0", "HeuristicLab.ExtLibs\HeuristicLab.MatlabConnector\1.0\HeuristicLab.MatlabConnector-1.0\HeuristicLab.MatlabConnector-1.0.csproj", "{52C66DEA-0250-477B-97F8-5CD2CD4B7332}"
EndProject
Project("{FAE04EC0-301F-11D3-BF4B-00C04F79EFBC}") = "ICSharpCode.AvalonEdit-5.0.1", "HeuristicLab.ExtLibs\HeuristicLab.AvalonEdit\5.0.1\AvalonEdit-5.0.1\ICSharpCode.AvalonEdit-5.0.1.csproj", "{255C7DEB-3C98-4BC2-92D4-B683F82A7E52}"
EndProject
Project("{FAE04EC0-301F-11D3-BF4B-00C04F79EFBC}") = "HeuristicLab.AvalonEdit-5.0.1", "HeuristicLab.ExtLibs\HeuristicLab.AvalonEdit\5.0.1\HeuristicLab.AvalonEdit-5.0.1\HeuristicLab.AvalonEdit-5.0.1.csproj", "{644B1CCE-1B2A-4C61-B0E3-A2EDB89DF872}"
EndProject
Project("{FAE04EC0-301F-11D3-BF4B-00C04F79EFBC}") = "ICSharpCode.NRefactory-5.5.0", "HeuristicLab.ExtLibs\HeuristicLab.NRefactory\5.5.0\NRefactory-5.5.0\ICSharpCode.NRefactory-5.5.0.csproj", "{1022483B-7CF4-4162-827F-984B64EAF8B3}"
EndProject
Project("{FAE04EC0-301F-11D3-BF4B-00C04F79EFBC}") = "HeuristicLab.NRefactory-5.5.0", "HeuristicLab.ExtLibs\HeuristicLab.NRefactory\5.5.0\HeuristicLab.NRefactory-5.5.0\HeuristicLab.NRefactory-5.5.0.csproj", "{168B628A-3815-4567-8ACF-2878AE92891A}"
EndProject
Project("{FAE04EC0-301F-11D3-BF4B-00C04F79EFBC}") = "ICSharpCode.NRefactory.Cecil-5.5.0", "HeuristicLab.ExtLibs\HeuristicLab.NRefactory\5.5.0\NRefactory.Cecil-5.5.0\ICSharpCode.NRefactory.Cecil-5.5.0.csproj", "{6661EE06-91D3-489B-AE80-BC951EA65E9A}"
EndProject
Project("{FAE04EC0-301F-11D3-BF4B-00C04F79EFBC}") = "ICSharpCode.NRefactory.CSharp-5.5.0", "HeuristicLab.ExtLibs\HeuristicLab.NRefactory\5.5.0\NRefactory.CSharp-5.5.0\ICSharpCode.NRefactory.CSharp-5.5.0.csproj", "{C06A9187-4E8E-4129-BDA3-91D2297682D2}"
EndProject
Project("{FAE04EC0-301F-11D3-BF4B-00C04F79EFBC}") = "Mono.Cecil-0.9.5", "HeuristicLab.ExtLibs\HeuristicLab.Cecil\0.9.5\Mono.Cecil-0.9.5\Mono.Cecil-0.9.5.csproj", "{CCF26BBC-5555-46EC-81F9-5B253CD24170}"
EndProject
Project("{FAE04EC0-301F-11D3-BF4B-00C04F79EFBC}") = "HeuristicLab.Cecil-0.9.5", "HeuristicLab.ExtLibs\HeuristicLab.Cecil\0.9.5\HeuristicLab.Cecil-0.9.5\HeuristicLab.Cecil-0.9.5.csproj", "{03026CEF-4529-4F91-A8A3-761652CE14AD}"
EndProject
Project("{FAE04EC0-301F-11D3-BF4B-00C04F79EFBC}") = "ICSharpCode.NRefactory.Xml-5.5.0", "HeuristicLab.ExtLibs\HeuristicLab.NRefactory\5.5.0\NRefactory.Xml-5.5.0\ICSharpCode.NRefactory.Xml-5.5.0.csproj", "{C5AE5D30-AE8C-4017-B741-99E084281000}"
EndProject
Global
	GlobalSection(SolutionConfigurationPlatforms) = preSolution
		Debug|Any CPU = Debug|Any CPU
		Debug|x64 = Debug|x64
		Debug|x86 = Debug|x86
		Release|Any CPU = Release|Any CPU
		Release|x64 = Release|x64
		Release|x86 = Release|x86
	EndGlobalSection
	GlobalSection(ProjectConfigurationPlatforms) = postSolution
		{02766ECC-D0F5-4115-9ECA-47409167B638}.Debug|Any CPU.ActiveCfg = Debug|Any CPU
		{02766ECC-D0F5-4115-9ECA-47409167B638}.Debug|Any CPU.Build.0 = Debug|Any CPU
		{02766ECC-D0F5-4115-9ECA-47409167B638}.Debug|x64.ActiveCfg = Debug|x64
		{02766ECC-D0F5-4115-9ECA-47409167B638}.Debug|x64.Build.0 = Debug|x64
		{02766ECC-D0F5-4115-9ECA-47409167B638}.Debug|x86.ActiveCfg = Debug|x86
		{02766ECC-D0F5-4115-9ECA-47409167B638}.Debug|x86.Build.0 = Debug|x86
		{02766ECC-D0F5-4115-9ECA-47409167B638}.Release|Any CPU.ActiveCfg = Release|Any CPU
		{02766ECC-D0F5-4115-9ECA-47409167B638}.Release|Any CPU.Build.0 = Release|Any CPU
		{02766ECC-D0F5-4115-9ECA-47409167B638}.Release|x64.ActiveCfg = Release|x64
		{02766ECC-D0F5-4115-9ECA-47409167B638}.Release|x64.Build.0 = Release|x64
		{02766ECC-D0F5-4115-9ECA-47409167B638}.Release|x86.ActiveCfg = Release|x86
		{02766ECC-D0F5-4115-9ECA-47409167B638}.Release|x86.Build.0 = Release|x86
		{BB994448-2B21-4564-BB2E-38D8FFF8CF18}.Debug|Any CPU.ActiveCfg = Debug|Any CPU
		{BB994448-2B21-4564-BB2E-38D8FFF8CF18}.Debug|Any CPU.Build.0 = Debug|Any CPU
		{BB994448-2B21-4564-BB2E-38D8FFF8CF18}.Debug|x64.ActiveCfg = Debug|x64
		{BB994448-2B21-4564-BB2E-38D8FFF8CF18}.Debug|x64.Build.0 = Debug|x64
		{BB994448-2B21-4564-BB2E-38D8FFF8CF18}.Debug|x86.ActiveCfg = Debug|x86
		{BB994448-2B21-4564-BB2E-38D8FFF8CF18}.Debug|x86.Build.0 = Debug|x86
		{BB994448-2B21-4564-BB2E-38D8FFF8CF18}.Release|Any CPU.ActiveCfg = Release|Any CPU
		{BB994448-2B21-4564-BB2E-38D8FFF8CF18}.Release|Any CPU.Build.0 = Release|Any CPU
		{BB994448-2B21-4564-BB2E-38D8FFF8CF18}.Release|x64.ActiveCfg = Release|x64
		{BB994448-2B21-4564-BB2E-38D8FFF8CF18}.Release|x64.Build.0 = Release|x64
		{BB994448-2B21-4564-BB2E-38D8FFF8CF18}.Release|x86.ActiveCfg = Release|x86
		{BB994448-2B21-4564-BB2E-38D8FFF8CF18}.Release|x86.Build.0 = Release|x86
		{96AEBBEE-4203-45F3-BCF5-7B73BF256BDA}.Debug|Any CPU.ActiveCfg = Debug|Any CPU
		{96AEBBEE-4203-45F3-BCF5-7B73BF256BDA}.Debug|Any CPU.Build.0 = Debug|Any CPU
		{96AEBBEE-4203-45F3-BCF5-7B73BF256BDA}.Debug|x64.ActiveCfg = Debug|x64
		{96AEBBEE-4203-45F3-BCF5-7B73BF256BDA}.Debug|x64.Build.0 = Debug|x64
		{96AEBBEE-4203-45F3-BCF5-7B73BF256BDA}.Debug|x86.ActiveCfg = Debug|x86
		{96AEBBEE-4203-45F3-BCF5-7B73BF256BDA}.Debug|x86.Build.0 = Debug|x86
		{96AEBBEE-4203-45F3-BCF5-7B73BF256BDA}.Release|Any CPU.ActiveCfg = Release|Any CPU
		{96AEBBEE-4203-45F3-BCF5-7B73BF256BDA}.Release|Any CPU.Build.0 = Release|Any CPU
		{96AEBBEE-4203-45F3-BCF5-7B73BF256BDA}.Release|x64.ActiveCfg = Release|x64
		{96AEBBEE-4203-45F3-BCF5-7B73BF256BDA}.Release|x64.Build.0 = Release|x64
		{96AEBBEE-4203-45F3-BCF5-7B73BF256BDA}.Release|x86.ActiveCfg = Release|x86
		{96AEBBEE-4203-45F3-BCF5-7B73BF256BDA}.Release|x86.Build.0 = Release|x86
		{94186A6A-5176-4402-AE83-886557B53CCA}.Debug|Any CPU.ActiveCfg = Debug|Any CPU
		{94186A6A-5176-4402-AE83-886557B53CCA}.Debug|Any CPU.Build.0 = Debug|Any CPU
		{94186A6A-5176-4402-AE83-886557B53CCA}.Debug|x64.ActiveCfg = Debug|x64
		{94186A6A-5176-4402-AE83-886557B53CCA}.Debug|x64.Build.0 = Debug|x64
		{94186A6A-5176-4402-AE83-886557B53CCA}.Debug|x86.ActiveCfg = Debug|x86
		{94186A6A-5176-4402-AE83-886557B53CCA}.Debug|x86.Build.0 = Debug|x86
		{94186A6A-5176-4402-AE83-886557B53CCA}.Release|Any CPU.ActiveCfg = Release|Any CPU
		{94186A6A-5176-4402-AE83-886557B53CCA}.Release|Any CPU.Build.0 = Release|Any CPU
		{94186A6A-5176-4402-AE83-886557B53CCA}.Release|x64.ActiveCfg = Release|x64
		{94186A6A-5176-4402-AE83-886557B53CCA}.Release|x64.Build.0 = Release|x64
		{94186A6A-5176-4402-AE83-886557B53CCA}.Release|x86.ActiveCfg = Release|x86
		{94186A6A-5176-4402-AE83-886557B53CCA}.Release|x86.Build.0 = Release|x86
		{BF4C452F-4903-44E6-89B7-DF93D02C4819}.Debug|Any CPU.ActiveCfg = Debug|Any CPU
		{BF4C452F-4903-44E6-89B7-DF93D02C4819}.Debug|Any CPU.Build.0 = Debug|Any CPU
		{BF4C452F-4903-44E6-89B7-DF93D02C4819}.Debug|x64.ActiveCfg = Debug|x64
		{BF4C452F-4903-44E6-89B7-DF93D02C4819}.Debug|x64.Build.0 = Debug|x64
		{BF4C452F-4903-44E6-89B7-DF93D02C4819}.Debug|x86.ActiveCfg = Debug|x86
		{BF4C452F-4903-44E6-89B7-DF93D02C4819}.Debug|x86.Build.0 = Debug|x86
		{BF4C452F-4903-44E6-89B7-DF93D02C4819}.Release|Any CPU.ActiveCfg = Release|Any CPU
		{BF4C452F-4903-44E6-89B7-DF93D02C4819}.Release|Any CPU.Build.0 = Release|Any CPU
		{BF4C452F-4903-44E6-89B7-DF93D02C4819}.Release|x64.ActiveCfg = Release|x64
		{BF4C452F-4903-44E6-89B7-DF93D02C4819}.Release|x64.Build.0 = Release|x64
		{BF4C452F-4903-44E6-89B7-DF93D02C4819}.Release|x86.ActiveCfg = Release|x86
		{BF4C452F-4903-44E6-89B7-DF93D02C4819}.Release|x86.Build.0 = Release|x86
		{6908BDCE-D925-43F3-94AC-A531E6DF2591}.Debug|Any CPU.ActiveCfg = Debug|Any CPU
		{6908BDCE-D925-43F3-94AC-A531E6DF2591}.Debug|Any CPU.Build.0 = Debug|Any CPU
		{6908BDCE-D925-43F3-94AC-A531E6DF2591}.Debug|x64.ActiveCfg = Debug|x64
		{6908BDCE-D925-43F3-94AC-A531E6DF2591}.Debug|x64.Build.0 = Debug|x64
		{6908BDCE-D925-43F3-94AC-A531E6DF2591}.Debug|x86.ActiveCfg = Debug|x86
		{6908BDCE-D925-43F3-94AC-A531E6DF2591}.Debug|x86.Build.0 = Debug|x86
		{6908BDCE-D925-43F3-94AC-A531E6DF2591}.Release|Any CPU.ActiveCfg = Release|Any CPU
		{6908BDCE-D925-43F3-94AC-A531E6DF2591}.Release|Any CPU.Build.0 = Release|Any CPU
		{6908BDCE-D925-43F3-94AC-A531E6DF2591}.Release|x64.ActiveCfg = Release|x64
		{6908BDCE-D925-43F3-94AC-A531E6DF2591}.Release|x64.Build.0 = Release|x64
		{6908BDCE-D925-43F3-94AC-A531E6DF2591}.Release|x86.ActiveCfg = Release|x86
		{6908BDCE-D925-43F3-94AC-A531E6DF2591}.Release|x86.Build.0 = Release|x86
		{250ADE34-82FD-4BAE-86D5-985FBE589C4A}.Debug|Any CPU.ActiveCfg = Debug|Any CPU
		{250ADE34-82FD-4BAE-86D5-985FBE589C4A}.Debug|Any CPU.Build.0 = Debug|Any CPU
		{250ADE34-82FD-4BAE-86D5-985FBE589C4A}.Debug|x64.ActiveCfg = Debug|x64
		{250ADE34-82FD-4BAE-86D5-985FBE589C4A}.Debug|x64.Build.0 = Debug|x64
		{250ADE34-82FD-4BAE-86D5-985FBE589C4A}.Debug|x86.ActiveCfg = Debug|x86
		{250ADE34-82FD-4BAE-86D5-985FBE589C4A}.Debug|x86.Build.0 = Debug|x86
		{250ADE34-82FD-4BAE-86D5-985FBE589C4A}.Release|Any CPU.ActiveCfg = Release|Any CPU
		{250ADE34-82FD-4BAE-86D5-985FBE589C4A}.Release|Any CPU.Build.0 = Release|Any CPU
		{250ADE34-82FD-4BAE-86D5-985FBE589C4A}.Release|x64.ActiveCfg = Release|x64
		{250ADE34-82FD-4BAE-86D5-985FBE589C4A}.Release|x64.Build.0 = Release|x64
		{250ADE34-82FD-4BAE-86D5-985FBE589C4A}.Release|x86.ActiveCfg = Release|x86
		{250ADE34-82FD-4BAE-86D5-985FBE589C4A}.Release|x86.Build.0 = Release|x86
		{236459CE-80CF-4991-972F-DE74C826BCCC}.Debug|Any CPU.ActiveCfg = Debug|Any CPU
		{236459CE-80CF-4991-972F-DE74C826BCCC}.Debug|Any CPU.Build.0 = Debug|Any CPU
		{236459CE-80CF-4991-972F-DE74C826BCCC}.Debug|x64.ActiveCfg = Debug|x64
		{236459CE-80CF-4991-972F-DE74C826BCCC}.Debug|x64.Build.0 = Debug|x64
		{236459CE-80CF-4991-972F-DE74C826BCCC}.Debug|x86.ActiveCfg = Debug|x86
		{236459CE-80CF-4991-972F-DE74C826BCCC}.Debug|x86.Build.0 = Debug|x86
		{236459CE-80CF-4991-972F-DE74C826BCCC}.Release|Any CPU.ActiveCfg = Release|Any CPU
		{236459CE-80CF-4991-972F-DE74C826BCCC}.Release|Any CPU.Build.0 = Release|Any CPU
		{236459CE-80CF-4991-972F-DE74C826BCCC}.Release|x64.ActiveCfg = Release|x64
		{236459CE-80CF-4991-972F-DE74C826BCCC}.Release|x64.Build.0 = Release|x64
		{236459CE-80CF-4991-972F-DE74C826BCCC}.Release|x86.ActiveCfg = Release|x86
		{236459CE-80CF-4991-972F-DE74C826BCCC}.Release|x86.Build.0 = Release|x86
		{4C41E3A3-B2FD-46EA-98FB-F21433E58FBE}.Debug|Any CPU.ActiveCfg = Debug|Any CPU
		{4C41E3A3-B2FD-46EA-98FB-F21433E58FBE}.Debug|Any CPU.Build.0 = Debug|Any CPU
		{4C41E3A3-B2FD-46EA-98FB-F21433E58FBE}.Debug|x64.ActiveCfg = Debug|x64
		{4C41E3A3-B2FD-46EA-98FB-F21433E58FBE}.Debug|x64.Build.0 = Debug|x64
		{4C41E3A3-B2FD-46EA-98FB-F21433E58FBE}.Debug|x86.ActiveCfg = Debug|x86
		{4C41E3A3-B2FD-46EA-98FB-F21433E58FBE}.Debug|x86.Build.0 = Debug|x86
		{4C41E3A3-B2FD-46EA-98FB-F21433E58FBE}.Release|Any CPU.ActiveCfg = Release|Any CPU
		{4C41E3A3-B2FD-46EA-98FB-F21433E58FBE}.Release|Any CPU.Build.0 = Release|Any CPU
		{4C41E3A3-B2FD-46EA-98FB-F21433E58FBE}.Release|x64.ActiveCfg = Release|x64
		{4C41E3A3-B2FD-46EA-98FB-F21433E58FBE}.Release|x64.Build.0 = Release|x64
		{4C41E3A3-B2FD-46EA-98FB-F21433E58FBE}.Release|x86.ActiveCfg = Release|x86
		{4C41E3A3-B2FD-46EA-98FB-F21433E58FBE}.Release|x86.Build.0 = Release|x86
		{005C27BE-ED6E-4602-8199-5F9EB7591CEB}.Debug|Any CPU.ActiveCfg = Debug|Any CPU
		{005C27BE-ED6E-4602-8199-5F9EB7591CEB}.Debug|Any CPU.Build.0 = Debug|Any CPU
		{005C27BE-ED6E-4602-8199-5F9EB7591CEB}.Debug|x64.ActiveCfg = Debug|x64
		{005C27BE-ED6E-4602-8199-5F9EB7591CEB}.Debug|x64.Build.0 = Debug|x64
		{005C27BE-ED6E-4602-8199-5F9EB7591CEB}.Debug|x86.ActiveCfg = Debug|x86
		{005C27BE-ED6E-4602-8199-5F9EB7591CEB}.Debug|x86.Build.0 = Debug|x86
		{005C27BE-ED6E-4602-8199-5F9EB7591CEB}.Release|Any CPU.ActiveCfg = Release|Any CPU
		{005C27BE-ED6E-4602-8199-5F9EB7591CEB}.Release|Any CPU.Build.0 = Release|Any CPU
		{005C27BE-ED6E-4602-8199-5F9EB7591CEB}.Release|x64.ActiveCfg = Release|x64
		{005C27BE-ED6E-4602-8199-5F9EB7591CEB}.Release|x64.Build.0 = Release|x64
		{005C27BE-ED6E-4602-8199-5F9EB7591CEB}.Release|x86.ActiveCfg = Release|x86
		{005C27BE-ED6E-4602-8199-5F9EB7591CEB}.Release|x86.Build.0 = Release|x86
		{EAF5F178-406C-4844-B1DC-D3AAF3992FDF}.Debug|Any CPU.ActiveCfg = Debug|Any CPU
		{EAF5F178-406C-4844-B1DC-D3AAF3992FDF}.Debug|Any CPU.Build.0 = Debug|Any CPU
		{EAF5F178-406C-4844-B1DC-D3AAF3992FDF}.Debug|x64.ActiveCfg = Debug|x64
		{EAF5F178-406C-4844-B1DC-D3AAF3992FDF}.Debug|x64.Build.0 = Debug|x64
		{EAF5F178-406C-4844-B1DC-D3AAF3992FDF}.Debug|x86.ActiveCfg = Debug|x86
		{EAF5F178-406C-4844-B1DC-D3AAF3992FDF}.Debug|x86.Build.0 = Debug|x86
		{EAF5F178-406C-4844-B1DC-D3AAF3992FDF}.Release|Any CPU.ActiveCfg = Release|Any CPU
		{EAF5F178-406C-4844-B1DC-D3AAF3992FDF}.Release|Any CPU.Build.0 = Release|Any CPU
		{EAF5F178-406C-4844-B1DC-D3AAF3992FDF}.Release|x64.ActiveCfg = Release|x64
		{EAF5F178-406C-4844-B1DC-D3AAF3992FDF}.Release|x64.Build.0 = Release|x64
		{EAF5F178-406C-4844-B1DC-D3AAF3992FDF}.Release|x86.ActiveCfg = Release|x86
		{EAF5F178-406C-4844-B1DC-D3AAF3992FDF}.Release|x86.Build.0 = Release|x86
		{3A32A015-9BF9-4EEB-AE80-C5E2B654B860}.Debug|Any CPU.ActiveCfg = Debug|Any CPU
		{3A32A015-9BF9-4EEB-AE80-C5E2B654B860}.Debug|Any CPU.Build.0 = Debug|Any CPU
		{3A32A015-9BF9-4EEB-AE80-C5E2B654B860}.Debug|x64.ActiveCfg = Debug|x64
		{3A32A015-9BF9-4EEB-AE80-C5E2B654B860}.Debug|x64.Build.0 = Debug|x64
		{3A32A015-9BF9-4EEB-AE80-C5E2B654B860}.Debug|x86.ActiveCfg = Debug|x86
		{3A32A015-9BF9-4EEB-AE80-C5E2B654B860}.Debug|x86.Build.0 = Debug|x86
		{3A32A015-9BF9-4EEB-AE80-C5E2B654B860}.Release|Any CPU.ActiveCfg = Release|Any CPU
		{3A32A015-9BF9-4EEB-AE80-C5E2B654B860}.Release|Any CPU.Build.0 = Release|Any CPU
		{3A32A015-9BF9-4EEB-AE80-C5E2B654B860}.Release|x64.ActiveCfg = Release|x64
		{3A32A015-9BF9-4EEB-AE80-C5E2B654B860}.Release|x64.Build.0 = Release|x64
		{3A32A015-9BF9-4EEB-AE80-C5E2B654B860}.Release|x86.ActiveCfg = Release|x86
		{3A32A015-9BF9-4EEB-AE80-C5E2B654B860}.Release|x86.Build.0 = Release|x86
		{C8BB29AC-C64A-4EF4-9773-9208F9AE0B49}.Debug|Any CPU.ActiveCfg = Debug|Any CPU
		{C8BB29AC-C64A-4EF4-9773-9208F9AE0B49}.Debug|Any CPU.Build.0 = Debug|Any CPU
		{C8BB29AC-C64A-4EF4-9773-9208F9AE0B49}.Debug|x64.ActiveCfg = Debug|x64
		{C8BB29AC-C64A-4EF4-9773-9208F9AE0B49}.Debug|x64.Build.0 = Debug|x64
		{C8BB29AC-C64A-4EF4-9773-9208F9AE0B49}.Debug|x86.ActiveCfg = Debug|x86
		{C8BB29AC-C64A-4EF4-9773-9208F9AE0B49}.Debug|x86.Build.0 = Debug|x86
		{C8BB29AC-C64A-4EF4-9773-9208F9AE0B49}.Release|Any CPU.ActiveCfg = Release|Any CPU
		{C8BB29AC-C64A-4EF4-9773-9208F9AE0B49}.Release|Any CPU.Build.0 = Release|Any CPU
		{C8BB29AC-C64A-4EF4-9773-9208F9AE0B49}.Release|x64.ActiveCfg = Release|x64
		{C8BB29AC-C64A-4EF4-9773-9208F9AE0B49}.Release|x64.Build.0 = Release|x64
		{C8BB29AC-C64A-4EF4-9773-9208F9AE0B49}.Release|x86.ActiveCfg = Release|x86
		{C8BB29AC-C64A-4EF4-9773-9208F9AE0B49}.Release|x86.Build.0 = Release|x86
		{62551FD3-C21F-4E16-A7FC-6A017508809C}.Debug|Any CPU.ActiveCfg = Debug|Any CPU
		{62551FD3-C21F-4E16-A7FC-6A017508809C}.Debug|Any CPU.Build.0 = Debug|Any CPU
		{62551FD3-C21F-4E16-A7FC-6A017508809C}.Debug|x64.ActiveCfg = Debug|x64
		{62551FD3-C21F-4E16-A7FC-6A017508809C}.Debug|x64.Build.0 = Debug|x64
		{62551FD3-C21F-4E16-A7FC-6A017508809C}.Debug|x86.ActiveCfg = Debug|x86
		{62551FD3-C21F-4E16-A7FC-6A017508809C}.Debug|x86.Build.0 = Debug|x86
		{62551FD3-C21F-4E16-A7FC-6A017508809C}.Release|Any CPU.ActiveCfg = Release|Any CPU
		{62551FD3-C21F-4E16-A7FC-6A017508809C}.Release|Any CPU.Build.0 = Release|Any CPU
		{62551FD3-C21F-4E16-A7FC-6A017508809C}.Release|x64.ActiveCfg = Release|x64
		{62551FD3-C21F-4E16-A7FC-6A017508809C}.Release|x64.Build.0 = Release|x64
		{62551FD3-C21F-4E16-A7FC-6A017508809C}.Release|x86.ActiveCfg = Release|x86
		{62551FD3-C21F-4E16-A7FC-6A017508809C}.Release|x86.Build.0 = Release|x86
		{AE723DEF-1A44-4F9C-8670-DBCAB79626A2}.Debug|Any CPU.ActiveCfg = Debug|Any CPU
		{AE723DEF-1A44-4F9C-8670-DBCAB79626A2}.Debug|Any CPU.Build.0 = Debug|Any CPU
		{AE723DEF-1A44-4F9C-8670-DBCAB79626A2}.Debug|x64.ActiveCfg = Debug|x64
		{AE723DEF-1A44-4F9C-8670-DBCAB79626A2}.Debug|x64.Build.0 = Debug|x64
		{AE723DEF-1A44-4F9C-8670-DBCAB79626A2}.Debug|x86.ActiveCfg = Debug|x86
		{AE723DEF-1A44-4F9C-8670-DBCAB79626A2}.Debug|x86.Build.0 = Debug|x86
		{AE723DEF-1A44-4F9C-8670-DBCAB79626A2}.Release|Any CPU.ActiveCfg = Release|Any CPU
		{AE723DEF-1A44-4F9C-8670-DBCAB79626A2}.Release|Any CPU.Build.0 = Release|Any CPU
		{AE723DEF-1A44-4F9C-8670-DBCAB79626A2}.Release|x64.ActiveCfg = Release|x64
		{AE723DEF-1A44-4F9C-8670-DBCAB79626A2}.Release|x64.Build.0 = Release|x64
		{AE723DEF-1A44-4F9C-8670-DBCAB79626A2}.Release|x86.ActiveCfg = Release|x86
		{AE723DEF-1A44-4F9C-8670-DBCAB79626A2}.Release|x86.Build.0 = Release|x86
		{6F1D7847-D610-4E52-A184-405DAEFA41A9}.Debug|Any CPU.ActiveCfg = Debug|Any CPU
		{6F1D7847-D610-4E52-A184-405DAEFA41A9}.Debug|Any CPU.Build.0 = Debug|Any CPU
		{6F1D7847-D610-4E52-A184-405DAEFA41A9}.Debug|x64.ActiveCfg = Debug|x64
		{6F1D7847-D610-4E52-A184-405DAEFA41A9}.Debug|x64.Build.0 = Debug|x64
		{6F1D7847-D610-4E52-A184-405DAEFA41A9}.Debug|x86.ActiveCfg = Debug|x86
		{6F1D7847-D610-4E52-A184-405DAEFA41A9}.Debug|x86.Build.0 = Debug|x86
		{6F1D7847-D610-4E52-A184-405DAEFA41A9}.Release|Any CPU.ActiveCfg = Release|Any CPU
		{6F1D7847-D610-4E52-A184-405DAEFA41A9}.Release|Any CPU.Build.0 = Release|Any CPU
		{6F1D7847-D610-4E52-A184-405DAEFA41A9}.Release|x64.ActiveCfg = Release|x64
		{6F1D7847-D610-4E52-A184-405DAEFA41A9}.Release|x64.Build.0 = Release|x64
		{6F1D7847-D610-4E52-A184-405DAEFA41A9}.Release|x86.ActiveCfg = Release|x86
		{6F1D7847-D610-4E52-A184-405DAEFA41A9}.Release|x86.Build.0 = Release|x86
		{7B288026-5502-4A39-BF41-77E086F3E4A3}.Debug|Any CPU.ActiveCfg = Debug|Any CPU
		{7B288026-5502-4A39-BF41-77E086F3E4A3}.Debug|Any CPU.Build.0 = Debug|Any CPU
		{7B288026-5502-4A39-BF41-77E086F3E4A3}.Debug|x64.ActiveCfg = Debug|x64
		{7B288026-5502-4A39-BF41-77E086F3E4A3}.Debug|x64.Build.0 = Debug|x64
		{7B288026-5502-4A39-BF41-77E086F3E4A3}.Debug|x86.ActiveCfg = Debug|x86
		{7B288026-5502-4A39-BF41-77E086F3E4A3}.Debug|x86.Build.0 = Debug|x86
		{7B288026-5502-4A39-BF41-77E086F3E4A3}.Release|Any CPU.ActiveCfg = Release|Any CPU
		{7B288026-5502-4A39-BF41-77E086F3E4A3}.Release|Any CPU.Build.0 = Release|Any CPU
		{7B288026-5502-4A39-BF41-77E086F3E4A3}.Release|x64.ActiveCfg = Release|x64
		{7B288026-5502-4A39-BF41-77E086F3E4A3}.Release|x64.Build.0 = Release|x64
		{7B288026-5502-4A39-BF41-77E086F3E4A3}.Release|x86.ActiveCfg = Release|x86
		{7B288026-5502-4A39-BF41-77E086F3E4A3}.Release|x86.Build.0 = Release|x86
		{B8B9E73B-18DE-4781-8F31-D3472BA9DB66}.Debug|Any CPU.ActiveCfg = Debug|Any CPU
		{B8B9E73B-18DE-4781-8F31-D3472BA9DB66}.Debug|Any CPU.Build.0 = Debug|Any CPU
		{B8B9E73B-18DE-4781-8F31-D3472BA9DB66}.Debug|x64.ActiveCfg = Debug|x64
		{B8B9E73B-18DE-4781-8F31-D3472BA9DB66}.Debug|x64.Build.0 = Debug|x64
		{B8B9E73B-18DE-4781-8F31-D3472BA9DB66}.Debug|x86.ActiveCfg = Debug|x86
		{B8B9E73B-18DE-4781-8F31-D3472BA9DB66}.Debug|x86.Build.0 = Debug|x86
		{B8B9E73B-18DE-4781-8F31-D3472BA9DB66}.Release|Any CPU.ActiveCfg = Release|Any CPU
		{B8B9E73B-18DE-4781-8F31-D3472BA9DB66}.Release|Any CPU.Build.0 = Release|Any CPU
		{B8B9E73B-18DE-4781-8F31-D3472BA9DB66}.Release|x64.ActiveCfg = Release|x64
		{B8B9E73B-18DE-4781-8F31-D3472BA9DB66}.Release|x64.Build.0 = Release|x64
		{B8B9E73B-18DE-4781-8F31-D3472BA9DB66}.Release|x86.ActiveCfg = Release|x86
		{B8B9E73B-18DE-4781-8F31-D3472BA9DB66}.Release|x86.Build.0 = Release|x86
		{C3F0C7DC-82AD-405B-990A-BF2C5B7F46FF}.Debug|Any CPU.ActiveCfg = Debug|Any CPU
		{C3F0C7DC-82AD-405B-990A-BF2C5B7F46FF}.Debug|Any CPU.Build.0 = Debug|Any CPU
		{C3F0C7DC-82AD-405B-990A-BF2C5B7F46FF}.Debug|x64.ActiveCfg = Debug|x64
		{C3F0C7DC-82AD-405B-990A-BF2C5B7F46FF}.Debug|x64.Build.0 = Debug|x64
		{C3F0C7DC-82AD-405B-990A-BF2C5B7F46FF}.Debug|x86.ActiveCfg = Debug|x86
		{C3F0C7DC-82AD-405B-990A-BF2C5B7F46FF}.Debug|x86.Build.0 = Debug|x86
		{C3F0C7DC-82AD-405B-990A-BF2C5B7F46FF}.Release|Any CPU.ActiveCfg = Release|Any CPU
		{C3F0C7DC-82AD-405B-990A-BF2C5B7F46FF}.Release|Any CPU.Build.0 = Release|Any CPU
		{C3F0C7DC-82AD-405B-990A-BF2C5B7F46FF}.Release|x64.ActiveCfg = Release|x64
		{C3F0C7DC-82AD-405B-990A-BF2C5B7F46FF}.Release|x64.Build.0 = Release|x64
		{C3F0C7DC-82AD-405B-990A-BF2C5B7F46FF}.Release|x86.ActiveCfg = Release|x86
		{C3F0C7DC-82AD-405B-990A-BF2C5B7F46FF}.Release|x86.Build.0 = Release|x86
		{F2F242B0-9996-4B49-828D-2BFC5925FDE0}.Debug|Any CPU.ActiveCfg = Debug|Any CPU
		{F2F242B0-9996-4B49-828D-2BFC5925FDE0}.Debug|Any CPU.Build.0 = Debug|Any CPU
		{F2F242B0-9996-4B49-828D-2BFC5925FDE0}.Debug|x64.ActiveCfg = Debug|x64
		{F2F242B0-9996-4B49-828D-2BFC5925FDE0}.Debug|x64.Build.0 = Debug|x64
		{F2F242B0-9996-4B49-828D-2BFC5925FDE0}.Debug|x86.ActiveCfg = Debug|x86
		{F2F242B0-9996-4B49-828D-2BFC5925FDE0}.Debug|x86.Build.0 = Debug|x86
		{F2F242B0-9996-4B49-828D-2BFC5925FDE0}.Release|Any CPU.ActiveCfg = Release|Any CPU
		{F2F242B0-9996-4B49-828D-2BFC5925FDE0}.Release|Any CPU.Build.0 = Release|Any CPU
		{F2F242B0-9996-4B49-828D-2BFC5925FDE0}.Release|x64.ActiveCfg = Release|x64
		{F2F242B0-9996-4B49-828D-2BFC5925FDE0}.Release|x64.Build.0 = Release|x64
		{F2F242B0-9996-4B49-828D-2BFC5925FDE0}.Release|x86.ActiveCfg = Release|x86
		{F2F242B0-9996-4B49-828D-2BFC5925FDE0}.Release|x86.Build.0 = Release|x86
		{52C66DEA-0250-477B-97F8-5CD2CD4B7332}.Debug|Any CPU.ActiveCfg = Debug|Any CPU
		{52C66DEA-0250-477B-97F8-5CD2CD4B7332}.Debug|Any CPU.Build.0 = Debug|Any CPU
		{52C66DEA-0250-477B-97F8-5CD2CD4B7332}.Debug|x64.ActiveCfg = Debug|x64
		{52C66DEA-0250-477B-97F8-5CD2CD4B7332}.Debug|x64.Build.0 = Debug|x64
		{52C66DEA-0250-477B-97F8-5CD2CD4B7332}.Debug|x86.ActiveCfg = Debug|x86
		{52C66DEA-0250-477B-97F8-5CD2CD4B7332}.Debug|x86.Build.0 = Debug|x86
		{52C66DEA-0250-477B-97F8-5CD2CD4B7332}.Release|Any CPU.ActiveCfg = Release|Any CPU
		{52C66DEA-0250-477B-97F8-5CD2CD4B7332}.Release|Any CPU.Build.0 = Release|Any CPU
		{52C66DEA-0250-477B-97F8-5CD2CD4B7332}.Release|x64.ActiveCfg = Release|x64
		{52C66DEA-0250-477B-97F8-5CD2CD4B7332}.Release|x64.Build.0 = Release|x64
		{52C66DEA-0250-477B-97F8-5CD2CD4B7332}.Release|x86.ActiveCfg = Release|x86
		{52C66DEA-0250-477B-97F8-5CD2CD4B7332}.Release|x86.Build.0 = Release|x86
		{255C7DEB-3C98-4BC2-92D4-B683F82A7E52}.Debug|Any CPU.ActiveCfg = Debug|Any CPU
		{255C7DEB-3C98-4BC2-92D4-B683F82A7E52}.Debug|Any CPU.Build.0 = Debug|Any CPU
		{255C7DEB-3C98-4BC2-92D4-B683F82A7E52}.Debug|x64.ActiveCfg = Debug|x64
		{255C7DEB-3C98-4BC2-92D4-B683F82A7E52}.Debug|x64.Build.0 = Debug|x64
		{255C7DEB-3C98-4BC2-92D4-B683F82A7E52}.Debug|x86.ActiveCfg = Debug|x86
		{255C7DEB-3C98-4BC2-92D4-B683F82A7E52}.Debug|x86.Build.0 = Debug|x86
		{255C7DEB-3C98-4BC2-92D4-B683F82A7E52}.Release|Any CPU.ActiveCfg = Release|Any CPU
		{255C7DEB-3C98-4BC2-92D4-B683F82A7E52}.Release|Any CPU.Build.0 = Release|Any CPU
		{255C7DEB-3C98-4BC2-92D4-B683F82A7E52}.Release|x64.ActiveCfg = Release|x64
		{255C7DEB-3C98-4BC2-92D4-B683F82A7E52}.Release|x64.Build.0 = Release|x64
		{255C7DEB-3C98-4BC2-92D4-B683F82A7E52}.Release|x86.ActiveCfg = Release|x86
		{255C7DEB-3C98-4BC2-92D4-B683F82A7E52}.Release|x86.Build.0 = Release|x86
		{644B1CCE-1B2A-4C61-B0E3-A2EDB89DF872}.Debug|Any CPU.ActiveCfg = Debug|Any CPU
		{644B1CCE-1B2A-4C61-B0E3-A2EDB89DF872}.Debug|Any CPU.Build.0 = Debug|Any CPU
		{644B1CCE-1B2A-4C61-B0E3-A2EDB89DF872}.Debug|x64.ActiveCfg = Debug|x64
		{644B1CCE-1B2A-4C61-B0E3-A2EDB89DF872}.Debug|x64.Build.0 = Debug|x64
		{644B1CCE-1B2A-4C61-B0E3-A2EDB89DF872}.Debug|x86.ActiveCfg = Debug|x86
		{644B1CCE-1B2A-4C61-B0E3-A2EDB89DF872}.Debug|x86.Build.0 = Debug|x86
		{644B1CCE-1B2A-4C61-B0E3-A2EDB89DF872}.Release|Any CPU.ActiveCfg = Release|Any CPU
		{644B1CCE-1B2A-4C61-B0E3-A2EDB89DF872}.Release|Any CPU.Build.0 = Release|Any CPU
		{644B1CCE-1B2A-4C61-B0E3-A2EDB89DF872}.Release|x64.ActiveCfg = Release|x64
		{644B1CCE-1B2A-4C61-B0E3-A2EDB89DF872}.Release|x64.Build.0 = Release|x64
		{644B1CCE-1B2A-4C61-B0E3-A2EDB89DF872}.Release|x86.ActiveCfg = Release|x86
		{644B1CCE-1B2A-4C61-B0E3-A2EDB89DF872}.Release|x86.Build.0 = Release|x86
		{1022483B-7CF4-4162-827F-984B64EAF8B3}.Debug|Any CPU.ActiveCfg = Debug|Any CPU
		{1022483B-7CF4-4162-827F-984B64EAF8B3}.Debug|Any CPU.Build.0 = Debug|Any CPU
		{1022483B-7CF4-4162-827F-984B64EAF8B3}.Debug|x64.ActiveCfg = Debug|x64
		{1022483B-7CF4-4162-827F-984B64EAF8B3}.Debug|x64.Build.0 = Debug|x64
		{1022483B-7CF4-4162-827F-984B64EAF8B3}.Debug|x86.ActiveCfg = Debug|x86
		{1022483B-7CF4-4162-827F-984B64EAF8B3}.Debug|x86.Build.0 = Debug|x86
		{1022483B-7CF4-4162-827F-984B64EAF8B3}.Release|Any CPU.ActiveCfg = Release|Any CPU
		{1022483B-7CF4-4162-827F-984B64EAF8B3}.Release|Any CPU.Build.0 = Release|Any CPU
		{1022483B-7CF4-4162-827F-984B64EAF8B3}.Release|x64.ActiveCfg = Release|x64
		{1022483B-7CF4-4162-827F-984B64EAF8B3}.Release|x64.Build.0 = Release|x64
		{1022483B-7CF4-4162-827F-984B64EAF8B3}.Release|x86.ActiveCfg = Release|x86
		{1022483B-7CF4-4162-827F-984B64EAF8B3}.Release|x86.Build.0 = Release|x86
		{168B628A-3815-4567-8ACF-2878AE92891A}.Debug|Any CPU.ActiveCfg = Debug|Any CPU
		{168B628A-3815-4567-8ACF-2878AE92891A}.Debug|Any CPU.Build.0 = Debug|Any CPU
		{168B628A-3815-4567-8ACF-2878AE92891A}.Debug|x64.ActiveCfg = Debug|x64
		{168B628A-3815-4567-8ACF-2878AE92891A}.Debug|x64.Build.0 = Debug|x64
		{168B628A-3815-4567-8ACF-2878AE92891A}.Debug|x86.ActiveCfg = Debug|x86
		{168B628A-3815-4567-8ACF-2878AE92891A}.Debug|x86.Build.0 = Debug|x86
		{168B628A-3815-4567-8ACF-2878AE92891A}.Release|Any CPU.ActiveCfg = Release|Any CPU
		{168B628A-3815-4567-8ACF-2878AE92891A}.Release|Any CPU.Build.0 = Release|Any CPU
		{168B628A-3815-4567-8ACF-2878AE92891A}.Release|x64.ActiveCfg = Release|x64
		{168B628A-3815-4567-8ACF-2878AE92891A}.Release|x64.Build.0 = Release|x64
		{168B628A-3815-4567-8ACF-2878AE92891A}.Release|x86.ActiveCfg = Release|x86
		{168B628A-3815-4567-8ACF-2878AE92891A}.Release|x86.Build.0 = Release|x86
		{6661EE06-91D3-489B-AE80-BC951EA65E9A}.Debug|Any CPU.ActiveCfg = Debug|Any CPU
		{6661EE06-91D3-489B-AE80-BC951EA65E9A}.Debug|Any CPU.Build.0 = Debug|Any CPU
		{6661EE06-91D3-489B-AE80-BC951EA65E9A}.Debug|x64.ActiveCfg = Debug|x64
		{6661EE06-91D3-489B-AE80-BC951EA65E9A}.Debug|x64.Build.0 = Debug|x64
		{6661EE06-91D3-489B-AE80-BC951EA65E9A}.Debug|x86.ActiveCfg = Debug|x86
		{6661EE06-91D3-489B-AE80-BC951EA65E9A}.Debug|x86.Build.0 = Debug|x86
		{6661EE06-91D3-489B-AE80-BC951EA65E9A}.Release|Any CPU.ActiveCfg = Release|Any CPU
		{6661EE06-91D3-489B-AE80-BC951EA65E9A}.Release|Any CPU.Build.0 = Release|Any CPU
		{6661EE06-91D3-489B-AE80-BC951EA65E9A}.Release|x64.ActiveCfg = Release|x64
		{6661EE06-91D3-489B-AE80-BC951EA65E9A}.Release|x64.Build.0 = Release|x64
		{6661EE06-91D3-489B-AE80-BC951EA65E9A}.Release|x86.ActiveCfg = Release|x86
		{6661EE06-91D3-489B-AE80-BC951EA65E9A}.Release|x86.Build.0 = Release|x86
		{C06A9187-4E8E-4129-BDA3-91D2297682D2}.Debug|Any CPU.ActiveCfg = Debug|Any CPU
		{C06A9187-4E8E-4129-BDA3-91D2297682D2}.Debug|Any CPU.Build.0 = Debug|Any CPU
		{C06A9187-4E8E-4129-BDA3-91D2297682D2}.Debug|x64.ActiveCfg = Debug|x64
		{C06A9187-4E8E-4129-BDA3-91D2297682D2}.Debug|x64.Build.0 = Debug|x64
		{C06A9187-4E8E-4129-BDA3-91D2297682D2}.Debug|x86.ActiveCfg = Debug|x86
		{C06A9187-4E8E-4129-BDA3-91D2297682D2}.Debug|x86.Build.0 = Debug|x86
		{C06A9187-4E8E-4129-BDA3-91D2297682D2}.Release|Any CPU.ActiveCfg = Release|Any CPU
		{C06A9187-4E8E-4129-BDA3-91D2297682D2}.Release|Any CPU.Build.0 = Release|Any CPU
		{C06A9187-4E8E-4129-BDA3-91D2297682D2}.Release|x64.ActiveCfg = Release|x64
		{C06A9187-4E8E-4129-BDA3-91D2297682D2}.Release|x64.Build.0 = Release|x64
		{C06A9187-4E8E-4129-BDA3-91D2297682D2}.Release|x86.ActiveCfg = Release|x86
		{C06A9187-4E8E-4129-BDA3-91D2297682D2}.Release|x86.Build.0 = Release|x86
		{CCF26BBC-5555-46EC-81F9-5B253CD24170}.Debug|Any CPU.ActiveCfg = Debug|Any CPU
		{CCF26BBC-5555-46EC-81F9-5B253CD24170}.Debug|Any CPU.Build.0 = Debug|Any CPU
		{CCF26BBC-5555-46EC-81F9-5B253CD24170}.Debug|x64.ActiveCfg = Debug|x64
		{CCF26BBC-5555-46EC-81F9-5B253CD24170}.Debug|x64.Build.0 = Debug|x64
		{CCF26BBC-5555-46EC-81F9-5B253CD24170}.Debug|x86.ActiveCfg = Debug|x86
		{CCF26BBC-5555-46EC-81F9-5B253CD24170}.Debug|x86.Build.0 = Debug|x86
		{CCF26BBC-5555-46EC-81F9-5B253CD24170}.Release|Any CPU.ActiveCfg = Release|Any CPU
		{CCF26BBC-5555-46EC-81F9-5B253CD24170}.Release|Any CPU.Build.0 = Release|Any CPU
		{CCF26BBC-5555-46EC-81F9-5B253CD24170}.Release|x64.ActiveCfg = Release|x64
		{CCF26BBC-5555-46EC-81F9-5B253CD24170}.Release|x64.Build.0 = Release|x64
		{CCF26BBC-5555-46EC-81F9-5B253CD24170}.Release|x86.ActiveCfg = Release|x86
		{CCF26BBC-5555-46EC-81F9-5B253CD24170}.Release|x86.Build.0 = Release|x86
		{03026CEF-4529-4F91-A8A3-761652CE14AD}.Debug|Any CPU.ActiveCfg = Debug|Any CPU
		{03026CEF-4529-4F91-A8A3-761652CE14AD}.Debug|Any CPU.Build.0 = Debug|Any CPU
		{03026CEF-4529-4F91-A8A3-761652CE14AD}.Debug|x64.ActiveCfg = Debug|x64
		{03026CEF-4529-4F91-A8A3-761652CE14AD}.Debug|x64.Build.0 = Debug|x64
		{03026CEF-4529-4F91-A8A3-761652CE14AD}.Debug|x86.ActiveCfg = Debug|x86
		{03026CEF-4529-4F91-A8A3-761652CE14AD}.Debug|x86.Build.0 = Debug|x86
		{03026CEF-4529-4F91-A8A3-761652CE14AD}.Release|Any CPU.ActiveCfg = Release|Any CPU
		{03026CEF-4529-4F91-A8A3-761652CE14AD}.Release|Any CPU.Build.0 = Release|Any CPU
		{03026CEF-4529-4F91-A8A3-761652CE14AD}.Release|x64.ActiveCfg = Release|x64
		{03026CEF-4529-4F91-A8A3-761652CE14AD}.Release|x64.Build.0 = Release|x64
		{03026CEF-4529-4F91-A8A3-761652CE14AD}.Release|x86.ActiveCfg = Release|x86
		{03026CEF-4529-4F91-A8A3-761652CE14AD}.Release|x86.Build.0 = Release|x86
		{C5AE5D30-AE8C-4017-B741-99E084281000}.Debug|Any CPU.ActiveCfg = Debug|Any CPU
		{C5AE5D30-AE8C-4017-B741-99E084281000}.Debug|Any CPU.Build.0 = Debug|Any CPU
		{C5AE5D30-AE8C-4017-B741-99E084281000}.Debug|x64.ActiveCfg = Debug|x64
		{C5AE5D30-AE8C-4017-B741-99E084281000}.Debug|x64.Build.0 = Debug|x64
		{C5AE5D30-AE8C-4017-B741-99E084281000}.Debug|x86.ActiveCfg = Debug|x86
		{C5AE5D30-AE8C-4017-B741-99E084281000}.Debug|x86.Build.0 = Debug|x86
		{C5AE5D30-AE8C-4017-B741-99E084281000}.Release|Any CPU.ActiveCfg = Release|Any CPU
		{C5AE5D30-AE8C-4017-B741-99E084281000}.Release|Any CPU.Build.0 = Release|Any CPU
		{C5AE5D30-AE8C-4017-B741-99E084281000}.Release|x64.ActiveCfg = Release|x64
		{C5AE5D30-AE8C-4017-B741-99E084281000}.Release|x64.Build.0 = Release|x64
		{C5AE5D30-AE8C-4017-B741-99E084281000}.Release|x86.ActiveCfg = Release|x86
		{C5AE5D30-AE8C-4017-B741-99E084281000}.Release|x86.Build.0 = Release|x86
	EndGlobalSection
	GlobalSection(SolutionProperties) = preSolution
		HideSolutionNode = FALSE
	EndGlobalSection
EndGlobal
